<Solution>
  <Configurations>
    <Platform Name="Any CPU" />
    <Platform Name="x86" />
  </Configurations>
  <Folder Name="/Elementos de la solución/" />
  <Project Path="SistemaPermisos.vbproj" Id="cbffc9f6-d538-48fc-bb73-e34ce7aa7b13">
    <Platform Solution="*|x86" Project="x86" />
  </Project>
</Solution>
